
Microsoft Visual Studio Solution File, Format Version 12.00
# Visual Studio Version 17
VisualStudioVersion = 17.14.36811.4 d17.14
MinimumVisualStudioVersion = 10.0.40219.1
Project("{FAE04EC0-301F-11D3-BF4B-00C04F79EFBC}") = "SolarObservatory", "SolarObservatory\SolarObservatory.csproj", "{89540807-58CF-4FDE-BDEB-CC617A64A9B5}"
EndProject
Global
	GlobalSection(SolutionConfigurationPlatforms) = preSolution
		Debug|Any CPU = Debug|Any CPU
		Release|Any CPU = Release|Any CPU
	EndGlobalSection
	GlobalSection(ProjectConfigurationPlatforms) = postSolution
		{89540807-58CF-4FDE-BDEB-CC617A64A9B5}.Debug|Any CPU.ActiveCfg = Debug|Any CPU
		{89540807-58CF-4FDE-BDEB-CC617A64A9B5}.Debug|Any CPU.Build.0 = Debug|Any CPU
		{89540807-58CF-4FDE-BDEB-CC617A64A9B5}.Release|Any CPU.ActiveCfg = Release|Any CPU
		{89540807-58CF-4FDE-BDEB-CC617A64A9B5}.Release|Any CPU.Build.0 = Release|Any CPU
	EndGlobalSection
	GlobalSection(SolutionProperties) = preSolution
		HideSolutionNode = FALSE
	EndGlobalSection
	GlobalSection(ExtensibilityGlobals) = postSolution
		SolutionGuid = {8D26FEF2-EF66-4AFE-BEE7-4A9F552D28A2}
	EndGlobalSection
EndGlobal
