
Microsoft Visual Studio Solution File, Format Version 12.00
# Visual Studio Version 17
VisualStudioVersion = 17.14.36811.4 d17.14
MinimumVisualStudioVersion = 10.0.40219.1
Project("{FAE04EC0-301F-11D3-BF4B-00C04F79EFBC}") = "SolarObservatory", "SolarObservatory\SolarObservatory.csproj", "{9DC6B29F-4291-4285-9A91-A5D40EBB088F}"
EndProject
Global
	GlobalSection(SolutionConfigurationPlatforms) = preSolution
		Debug|Any CPU = Debug|Any CPU
		Release|Any CPU = Release|Any CPU
	EndGlobalSection
	GlobalSection(ProjectConfigurationPlatforms) = postSolution
		{9DC6B29F-4291-4285-9A91-A5D40EBB088F}.Debug|Any CPU.ActiveCfg = Debug|Any CPU
		{9DC6B29F-4291-4285-9A91-A5D40EBB088F}.Debug|Any CPU.Build.0 = Debug|Any CPU
		{9DC6B29F-4291-4285-9A91-A5D40EBB088F}.Release|Any CPU.ActiveCfg = Release|Any CPU
		{9DC6B29F-4291-4285-9A91-A5D40EBB088F}.Release|Any CPU.Build.0 = Release|Any CPU
	EndGlobalSection
	GlobalSection(SolutionProperties) = preSolution
		HideSolutionNode = FALSE
	EndGlobalSection
	GlobalSection(ExtensibilityGlobals) = postSolution
		SolutionGuid = {16D0DE9F-7112-4828-B450-213D5BAC3B6E}
	EndGlobalSection
EndGlobal
